
Microsoft Visual Studio Solution File, Format Version 12.00
# Visual Studio Version 17
VisualStudioVersion = 17.0.31903.59
MinimumVisualStudioVersion = 10.0.40219.1
Project("{2150E333-8FDC-42A3-9474-1A3956D46DE8}") = "src", "src", "{827E0CD3-B72D-47B6-A68D-7590B98EB39B}"
EndProject
Project("{2150E333-8FDC-42A3-9474-1A3956D46DE8}") = "Hosts", "Hosts", "{C79C3622-AC92-5B3C-4F71-0BD0E7B3816F}"
EndProject
Project("{FAE04EC0-301F-11D3-BF4B-00C04F79EFBC}") = "Vulperonex.Desktop", "src\Hosts\Vulperonex.Desktop\Vulperonex.Desktop.csproj", "{04629A10-7560-4F03-906C-702940AD3294}"
EndProject
Project("{FAE04EC0-301F-11D3-BF4B-00C04F79EFBC}") = "Vulperonex.Domain", "src\Vulperonex.Domain\Vulperonex.Domain.csproj", "{497969C6-C2A6-46CF-9D71-390E47A97814}"
EndProject
Project("{FAE04EC0-301F-11D3-BF4B-00C04F79EFBC}") = "Vulperonex.Application", "src\Vulperonex.Application\Vulperonex.Application.csproj", "{57E4DE1C-94B6-4CB8-B8CE-45EB7262F6BB}"
EndProject
Project("{FAE04EC0-301F-11D3-BF4B-00C04F79EFBC}") = "Vulperonex.Infrastructure", "src\Vulperonex.Infrastructure\Vulperonex.Infrastructure.csproj", "{4405044D-5C59-4A7A-9FD5-ACC538EFB5EB}"
EndProject
Project("{FAE04EC0-301F-11D3-BF4B-00C04F79EFBC}") = "Vulperonex.Plugins.Abstractions", "src\Vulperonex.Plugins.Abstractions\Vulperonex.Plugins.Abstractions.csproj", "{7B8FF9F7-2C9A-40C1-89FD-01E8BB4683F7}"
EndProject
Project("{2150E333-8FDC-42A3-9474-1A3956D46DE8}") = "Adapters", "Adapters", "{3E9C3776-17C9-28DE-3735-A8B9F121C183}"
EndProject
Project("{FAE04EC0-301F-11D3-BF4B-00C04F79EFBC}") = "Vulperonex.Adapters.Abstractions", "src\Adapters\Vulperonex.Adapters.Abstractions\Vulperonex.Adapters.Abstractions.csproj", "{274055AF-D874-40E0-BCDA-7D0FB6E7380E}"
EndProject
Project("{FAE04EC0-301F-11D3-BF4B-00C04F79EFBC}") = "Vulperonex.Adapters.Twitch", "src\Adapters\Vulperonex.Adapters.Twitch\Vulperonex.Adapters.Twitch.csproj", "{2A0DAA80-31F7-4DA7-896D-E434C487D178}"
EndProject
Project("{FAE04EC0-301F-11D3-BF4B-00C04F79EFBC}") = "Vulperonex.Adapters.Simulation", "src\Adapters\Vulperonex.Adapters.Simulation\Vulperonex.Adapters.Simulation.csproj", "{49A479D6-7085-4664-983F-4F3CC35A2E62}"
EndProject
Project("{FAE04EC0-301F-11D3-BF4B-00C04F79EFBC}") = "Vulperonex.Web", "src\Hosts\Vulperonex.Web\Vulperonex.Web.csproj", "{610D6895-4EFD-4410-A8DB-751E2A8C0251}"
EndProject
Project("{FAE04EC0-301F-11D3-BF4B-00C04F79EFBC}") = "Vulperonex.Cli", "src\Hosts\Vulperonex.Cli\Vulperonex.Cli.csproj", "{F5151D66-815B-4E5D-A701-261542EE4837}"
EndProject
Global
	GlobalSection(SolutionConfigurationPlatforms) = preSolution
		Debug|Any CPU = Debug|Any CPU
		Debug|x64 = Debug|x64
		Debug|x86 = Debug|x86
		Release|Any CPU = Release|Any CPU
		Release|x64 = Release|x64
		Release|x86 = Release|x86
	EndGlobalSection
	GlobalSection(ProjectConfigurationPlatforms) = postSolution
		{04629A10-7560-4F03-906C-702940AD3294}.Debug|Any CPU.ActiveCfg = Debug|Any CPU
		{04629A10-7560-4F03-906C-702940AD3294}.Debug|Any CPU.Build.0 = Debug|Any CPU
		{04629A10-7560-4F03-906C-702940AD3294}.Debug|x64.ActiveCfg = Debug|Any CPU
		{04629A10-7560-4F03-906C-702940AD3294}.Debug|x64.Build.0 = Debug|Any CPU
		{04629A10-7560-4F03-906C-702940AD3294}.Debug|x86.ActiveCfg = Debug|Any CPU
		{04629A10-7560-4F03-906C-702940AD3294}.Debug|x86.Build.0 = Debug|Any CPU
		{04629A10-7560-4F03-906C-702940AD3294}.Release|Any CPU.ActiveCfg = Release|Any CPU
		{04629A10-7560-4F03-906C-702940AD3294}.Release|Any CPU.Build.0 = Release|Any CPU
		{04629A10-7560-4F03-906C-702940AD3294}.Release|x64.ActiveCfg = Release|Any CPU
		{04629A10-7560-4F03-906C-702940AD3294}.Release|x64.Build.0 = Release|Any CPU
		{04629A10-7560-4F03-906C-702940AD3294}.Release|x86.ActiveCfg = Release|Any CPU
		{04629A10-7560-4F03-906C-702940AD3294}.Release|x86.Build.0 = Release|Any CPU
		{497969C6-C2A6-46CF-9D71-390E47A97814}.Debug|Any CPU.ActiveCfg = Debug|Any CPU
		{497969C6-C2A6-46CF-9D71-390E47A97814}.Debug|Any CPU.Build.0 = Debug|Any CPU
		{497969C6-C2A6-46CF-9D71-390E47A97814}.Debug|x64.ActiveCfg = Debug|Any CPU
		{497969C6-C2A6-46CF-9D71-390E47A97814}.Debug|x64.Build.0 = Debug|Any CPU
		{497969C6-C2A6-46CF-9D71-390E47A97814}.Debug|x86.ActiveCfg = Debug|Any CPU
		{497969C6-C2A6-46CF-9D71-390E47A97814}.Debug|x86.Build.0 = Debug|Any CPU
		{497969C6-C2A6-46CF-9D71-390E47A97814}.Release|Any CPU.ActiveCfg = Release|Any CPU
		{497969C6-C2A6-46CF-9D71-390E47A97814}.Release|Any CPU.Build.0 = Release|Any CPU
		{497969C6-C2A6-46CF-9D71-390E47A97814}.Release|x64.ActiveCfg = Release|Any CPU
		{497969C6-C2A6-46CF-9D71-390E47A97814}.Release|x64.Build.0 = Release|Any CPU
		{497969C6-C2A6-46CF-9D71-390E47A97814}.Release|x86.ActiveCfg = Release|Any CPU
		{497969C6-C2A6-46CF-9D71-390E47A97814}.Release|x86.Build.0 = Release|Any CPU
		{57E4DE1C-94B6-4CB8-B8CE-45EB7262F6BB}.Debug|Any CPU.ActiveCfg = Debug|Any CPU
		{57E4DE1C-94B6-4CB8-B8CE-45EB7262F6BB}.Debug|Any CPU.Build.0 = Debug|Any CPU
		{57E4DE1C-94B6-4CB8-B8CE-45EB7262F6BB}.Debug|x64.ActiveCfg = Debug|Any CPU
		{57E4DE1C-94B6-4CB8-B8CE-45EB7262F6BB}.Debug|x64.Build.0 = Debug|Any CPU
		{57E4DE1C-94B6-4CB8-B8CE-45EB7262F6BB}.Debug|x86.ActiveCfg = Debug|Any CPU
		{57E4DE1C-94B6-4CB8-B8CE-45EB7262F6BB}.Debug|x86.Build.0 = Debug|Any CPU
		{57E4DE1C-94B6-4CB8-B8CE-45EB7262F6BB}.Release|Any CPU.ActiveCfg = Release|Any CPU
		{57E4DE1C-94B6-4CB8-B8CE-45EB7262F6BB}.Release|Any CPU.Build.0 = Release|Any CPU
		{57E4DE1C-94B6-4CB8-B8CE-45EB7262F6BB}.Release|x64.ActiveCfg = Release|Any CPU
		{57E4DE1C-94B6-4CB8-B8CE-45EB7262F6BB}.Release|x64.Build.0 = Release|Any CPU
		{57E4DE1C-94B6-4CB8-B8CE-45EB7262F6BB}.Release|x86.ActiveCfg = Release|Any CPU
		{57E4DE1C-94B6-4CB8-B8CE-45EB7262F6BB}.Release|x86.Build.0 = Release|Any CPU
		{4405044D-5C59-4A7A-9FD5-ACC538EFB5EB}.Debug|Any CPU.ActiveCfg = Debug|Any CPU
		{4405044D-5C59-4A7A-9FD5-ACC538EFB5EB}.Debug|Any CPU.Build.0 = Debug|Any CPU
		{4405044D-5C59-4A7A-9FD5-ACC538EFB5EB}.Debug|x64.ActiveCfg = Debug|Any CPU
		{4405044D-5C59-4A7A-9FD5-ACC538EFB5EB}.Debug|x64.Build.0 = Debug|Any CPU
		{4405044D-5C59-4A7A-9FD5-ACC538EFB5EB}.Debug|x86.ActiveCfg = Debug|Any CPU
		{4405044D-5C59-4A7A-9FD5-ACC538EFB5EB}.Debug|x86.Build.0 = Debug|Any CPU
		{4405044D-5C59-4A7A-9FD5-ACC538EFB5EB}.Release|Any CPU.ActiveCfg = Release|Any CPU
		{4405044D-5C59-4A7A-9FD5-ACC538EFB5EB}.Release|Any CPU.Build.0 = Release|Any CPU
		{4405044D-5C59-4A7A-9FD5-ACC538EFB5EB}.Release|x64.ActiveCfg = Release|Any CPU
		{4405044D-5C59-4A7A-9FD5-ACC538EFB5EB}.Release|x64.Build.0 = Release|Any CPU
		{4405044D-5C59-4A7A-9FD5-ACC538EFB5EB}.Release|x86.ActiveCfg = Release|Any CPU
		{4405044D-5C59-4A7A-9FD5-ACC538EFB5EB}.Release|x86.Build.0 = Release|Any CPU
		{7B8FF9F7-2C9A-40C1-89FD-01E8BB4683F7}.Debug|Any CPU.ActiveCfg = Debug|Any CPU
		{7B8FF9F7-2C9A-40C1-89FD-01E8BB4683F7}.Debug|Any CPU.Build.0 = Debug|Any CPU
		{7B8FF9F7-2C9A-40C1-89FD-01E8BB4683F7}.Debug|x64.ActiveCfg = Debug|Any CPU
		{7B8FF9F7-2C9A-40C1-89FD-01E8BB4683F7}.Debug|x64.Build.0 = Debug|Any CPU
		{7B8FF9F7-2C9A-40C1-89FD-01E8BB4683F7}.Debug|x86.ActiveCfg = Debug|Any CPU
		{7B8FF9F7-2C9A-40C1-89FD-01E8BB4683F7}.Debug|x86.Build.0 = Debug|Any CPU
		{7B8FF9F7-2C9A-40C1-89FD-01E8BB4683F7}.Release|Any CPU.ActiveCfg = Release|Any CPU
		{7B8FF9F7-2C9A-40C1-89FD-01E8BB4683F7}.Release|Any CPU.Build.0 = Release|Any CPU
		{7B8FF9F7-2C9A-40C1-89FD-01E8BB4683F7}.Release|x64.ActiveCfg = Release|Any CPU
		{7B8FF9F7-2C9A-40C1-89FD-01E8BB4683F7}.Release|x64.Build.0 = Release|Any CPU
		{7B8FF9F7-2C9A-40C1-89FD-01E8BB4683F7}.Release|x86.ActiveCfg = Release|Any CPU
		{7B8FF9F7-2C9A-40C1-89FD-01E8BB4683F7}.Release|x86.Build.0 = Release|Any CPU
		{274055AF-D874-40E0-BCDA-7D0FB6E7380E}.Debug|Any CPU.ActiveCfg = Debug|Any CPU
		{274055AF-D874-40E0-BCDA-7D0FB6E7380E}.Debug|Any CPU.Build.0 = Debug|Any CPU
		{274055AF-D874-40E0-BCDA-7D0FB6E7380E}.Debug|x64.ActiveCfg = Debug|Any CPU
		{274055AF-D874-40E0-BCDA-7D0FB6E7380E}.Debug|x64.Build.0 = Debug|Any CPU
		{274055AF-D874-40E0-BCDA-7D0FB6E7380E}.Debug|x86.ActiveCfg = Debug|Any CPU
		{274055AF-D874-40E0-BCDA-7D0FB6E7380E}.Debug|x86.Build.0 = Debug|Any CPU
		{274055AF-D874-40E0-BCDA-7D0FB6E7380E}.Release|Any CPU.ActiveCfg = Release|Any CPU
		{274055AF-D874-40E0-BCDA-7D0FB6E7380E}.Release|Any CPU.Build.0 = Release|Any CPU
		{274055AF-D874-40E0-BCDA-7D0FB6E7380E}.Release|x64.ActiveCfg = Release|Any CPU
		{274055AF-D874-40E0-BCDA-7D0FB6E7380E}.Release|x64.Build.0 = Release|Any CPU
		{274055AF-D874-40E0-BCDA-7D0FB6E7380E}.Release|x86.ActiveCfg = Release|Any CPU
		{274055AF-D874-40E0-BCDA-7D0FB6E7380E}.Release|x86.Build.0 = Release|Any CPU
		{2A0DAA80-31F7-4DA7-896D-E434C487D178}.Debug|Any CPU.ActiveCfg = Debug|Any CPU
		{2A0DAA80-31F7-4DA7-896D-E434C487D178}.Debug|Any CPU.Build.0 = Debug|Any CPU
		{2A0DAA80-31F7-4DA7-896D-E434C487D178}.Debug|x64.ActiveCfg = Debug|Any CPU
		{2A0DAA80-31F7-4DA7-896D-E434C487D178}.Debug|x64.Build.0 = Debug|Any CPU
		{2A0DAA80-31F7-4DA7-896D-E434C487D178}.Debug|x86.ActiveCfg = Debug|Any CPU
		{2A0DAA80-31F7-4DA7-896D-E434C487D178}.Debug|x86.Build.0 = Debug|Any CPU
		{2A0DAA80-31F7-4DA7-896D-E434C487D178}.Release|Any CPU.ActiveCfg = Release|Any CPU
		{2A0DAA80-31F7-4DA7-896D-E434C487D178}.Release|Any CPU.Build.0 = Release|Any CPU
		{2A0DAA80-31F7-4DA7-896D-E434C487D178}.Release|x64.ActiveCfg = Release|Any CPU
		{2A0DAA80-31F7-4DA7-896D-E434C487D178}.Release|x64.Build.0 = Release|Any CPU
		{2A0DAA80-31F7-4DA7-896D-E434C487D178}.Release|x86.ActiveCfg = Release|Any CPU
		{2A0DAA80-31F7-4DA7-896D-E434C487D178}.Release|x86.Build.0 = Release|Any CPU
		{49A479D6-7085-4664-983F-4F3CC35A2E62}.Debug|Any CPU.ActiveCfg = Debug|Any CPU
		{49A479D6-7085-4664-983F-4F3CC35A2E62}.Debug|Any CPU.Build.0 = Debug|Any CPU
		{49A479D6-7085-4664-983F-4F3CC35A2E62}.Debug|x64.ActiveCfg = Debug|Any CPU
		{49A479D6-7085-4664-983F-4F3CC35A2E62}.Debug|x64.Build.0 = Debug|Any CPU
		{49A479D6-7085-4664-983F-4F3CC35A2E62}.Debug|x86.ActiveCfg = Debug|Any CPU
		{49A479D6-7085-4664-983F-4F3CC35A2E62}.Debug|x86.Build.0 = Debug|Any CPU
		{49A479D6-7085-4664-983F-4F3CC35A2E62}.Release|Any CPU.ActiveCfg = Release|Any CPU
		{49A479D6-7085-4664-983F-4F3CC35A2E62}.Release|Any CPU.Build.0 = Release|Any CPU
		{49A479D6-7085-4664-983F-4F3CC35A2E62}.Release|x64.ActiveCfg = Release|Any CPU
		{49A479D6-7085-4664-983F-4F3CC35A2E62}.Release|x64.Build.0 = Release|Any CPU
		{49A479D6-7085-4664-983F-4F3CC35A2E62}.Release|x86.ActiveCfg = Release|Any CPU
		{49A479D6-7085-4664-983F-4F3CC35A2E62}.Release|x86.Build.0 = Release|Any CPU
		{610D6895-4EFD-4410-A8DB-751E2A8C0251}.Debug|Any CPU.ActiveCfg = Debug|Any CPU
		{610D6895-4EFD-4410-A8DB-751E2A8C0251}.Debug|Any CPU.Build.0 = Debug|Any CPU
		{610D6895-4EFD-4410-A8DB-751E2A8C0251}.Debug|x64.ActiveCfg = Debug|Any CPU
		{610D6895-4EFD-4410-A8DB-751E2A8C0251}.Debug|x64.Build.0 = Debug|Any CPU
		{610D6895-4EFD-4410-A8DB-751E2A8C0251}.Debug|x86.ActiveCfg = Debug|Any CPU
		{610D6895-4EFD-4410-A8DB-751E2A8C0251}.Debug|x86.Build.0 = Debug|Any CPU
		{610D6895-4EFD-4410-A8DB-751E2A8C0251}.Release|Any CPU.ActiveCfg = Release|Any CPU
		{610D6895-4EFD-4410-A8DB-751E2A8C0251}.Release|Any CPU.Build.0 = Release|Any CPU
		{610D6895-4EFD-4410-A8DB-751E2A8C0251}.Release|x64.ActiveCfg = Release|Any CPU
		{610D6895-4EFD-4410-A8DB-751E2A8C0251}.Release|x64.Build.0 = Release|Any CPU
		{610D6895-4EFD-4410-A8DB-751E2A8C0251}.Release|x86.ActiveCfg = Release|Any CPU
		{610D6895-4EFD-4410-A8DB-751E2A8C0251}.Release|x86.Build.0 = Release|Any CPU
		{F5151D66-815B-4E5D-A701-261542EE4837}.Debug|Any CPU.ActiveCfg = Debug|Any CPU
		{F5151D66-815B-4E5D-A701-261542EE4837}.Debug|Any CPU.Build.0 = Debug|Any CPU
		{F5151D66-815B-4E5D-A701-261542EE4837}.Debug|x64.ActiveCfg = Debug|Any CPU
		{F5151D66-815B-4E5D-A701-261542EE4837}.Debug|x64.Build.0 = Debug|Any CPU
		{F5151D66-815B-4E5D-A701-261542EE4837}.Debug|x86.ActiveCfg = Debug|Any CPU
		{F5151D66-815B-4E5D-A701-261542EE4837}.Debug|x86.Build.0 = Debug|Any CPU
		{F5151D66-815B-4E5D-A701-261542EE4837}.Release|Any CPU.ActiveCfg = Release|Any CPU
		{F5151D66-815B-4E5D-A701-261542EE4837}.Release|Any CPU.Build.0 = Release|Any CPU
		{F5151D66-815B-4E5D-A701-261542EE4837}.Release|x64.ActiveCfg = Release|Any CPU
		{F5151D66-815B-4E5D-A701-261542EE4837}.Release|x64.Build.0 = Release|Any CPU
		{F5151D66-815B-4E5D-A701-261542EE4837}.Release|x86.ActiveCfg = Release|Any CPU
		{F5151D66-815B-4E5D-A701-261542EE4837}.Release|x86.Build.0 = Release|Any CPU
	EndGlobalSection
	GlobalSection(SolutionProperties) = preSolution
		HideSolutionNode = FALSE
	EndGlobalSection
	GlobalSection(NestedProjects) = preSolution
		{C79C3622-AC92-5B3C-4F71-0BD0E7B3816F} = {827E0CD3-B72D-47B6-A68D-7590B98EB39B}
		{04629A10-7560-4F03-906C-702940AD3294} = {C79C3622-AC92-5B3C-4F71-0BD0E7B3816F}
		{497969C6-C2A6-46CF-9D71-390E47A97814} = {827E0CD3-B72D-47B6-A68D-7590B98EB39B}
		{57E4DE1C-94B6-4CB8-B8CE-45EB7262F6BB} = {827E0CD3-B72D-47B6-A68D-7590B98EB39B}
		{4405044D-5C59-4A7A-9FD5-ACC538EFB5EB} = {827E0CD3-B72D-47B6-A68D-7590B98EB39B}
		{7B8FF9F7-2C9A-40C1-89FD-01E8BB4683F7} = {827E0CD3-B72D-47B6-A68D-7590B98EB39B}
		{3E9C3776-17C9-28DE-3735-A8B9F121C183} = {827E0CD3-B72D-47B6-A68D-7590B98EB39B}
		{274055AF-D874-40E0-BCDA-7D0FB6E7380E} = {3E9C3776-17C9-28DE-3735-A8B9F121C183}
		{2A0DAA80-31F7-4DA7-896D-E434C487D178} = {3E9C3776-17C9-28DE-3735-A8B9F121C183}
		{49A479D6-7085-4664-983F-4F3CC35A2E62} = {3E9C3776-17C9-28DE-3735-A8B9F121C183}
		{610D6895-4EFD-4410-A8DB-751E2A8C0251} = {C79C3622-AC92-5B3C-4F71-0BD0E7B3816F}
		{F5151D66-815B-4E5D-A701-261542EE4837} = {C79C3622-AC92-5B3C-4F71-0BD0E7B3816F}
	EndGlobalSection
EndGlobal
